// !$*UTF8*$!
{
	archiveVersion = 1;
	classes = {
	};
	objectVersion = 50;
	objects = {

/* Begin PBXBuildFile section */
		E4E2B1D322930926001E28C1 /* AppDelegate.m in Sources */ = {isa = PBXBuildFile; fileRef = E4E2B1D222930926001E28C1 /* AppDelegate.m */; };
		E4E2B1D922930927001E28C1 /* Main.storyboard in Resources */ = {isa = PBXBuildFile; fileRef = E4E2B1D722930927001E28C1 /* Main.storyboard */; };
		E4E2B1DB22930929001E28C1 /* Assets.xcassets in Resources */ = {isa = PBXBuildFile; fileRef = E4E2B1DA22930929001E28C1 /* Assets.xcassets */; };
		E4E2B1DE22930929001E28C1 /* LaunchScreen.storyboard in Resources */ = {isa = PBXBuildFile; fileRef = E4E2B1DC22930929001E28C1 /* LaunchScreen.storyboard */; };
		E4E2B1E122930929001E28C1 /* main.m in Sources */ = {isa = PBXBuildFile; fileRef = E4E2B1E022930929001E28C1 /* main.m */; };
		E4E2B1EA22930BCB001E28C1 /* WAMSong.m in Sources */ = {isa = PBXBuildFile; fileRef = E4E2B1E922930BCB001E28C1 /* WAMSong.m */; };
		E4E2B1EE22930C49001E28C1 /* WAMPlaylist.m in Sources */ = {isa = PBXBuildFile; fileRef = E4E2B1ED22930C49001E28C1 /* WAMPlaylist.m */; };
		E4E2B1F1229316C1001E28C1 /* WAMPlaylistController.m in Sources */ = {isa = PBXBuildFile; fileRef = E4E2B1F0229316C1001E28C1 /* WAMPlaylistController.m */; };
		E4E2B1F722932276001E28C1 /* WAMPlaylistListTableViewController.m in Sources */ = {isa = PBXBuildFile; fileRef = E4E2B1F622932276001E28C1 /* WAMPlaylistListTableViewController.m */; };
		E4E2B22222933AA1001E28C1 /* WAMDetailTableViewController.m in Sources */ = {isa = PBXBuildFile; fileRef = E4E2B22122933AA1001E28C1 /* WAMDetailTableViewController.m */; };
/* End PBXBuildFile section */

/* Begin PBXFileReference section */
		E4E2B1CE22930926001E28C1 /* PlaylistC.app */ = {isa = PBXFileReference; explicitFileType = wrapper.application; includeInIndex = 0; path = PlaylistC.app; sourceTree = BUILT_PRODUCTS_DIR; };
		E4E2B1D122930926001E28C1 /* AppDelegate.h */ = {isa = PBXFileReference; lastKnownFileType = sourcecode.c.h; path = AppDelegate.h; sourceTree = "<group>"; };
		E4E2B1D222930926001E28C1 /* AppDelegate.m */ = {isa = PBXFileReference; lastKnownFileType = sourcecode.c.objc; path = AppDelegate.m; sourceTree = "<group>"; };
		E4E2B1D822930927001E28C1 /* Base */ = {isa = PBXFileReference; lastKnownFileType = file.storyboard; name = Base; path = Base.lproj/Main.storyboard; sourceTree = "<group>"; };
		E4E2B1DA22930929001E28C1 /* Assets.xcassets */ = {isa = PBXFileReference; lastKnownFileType = folder.assetcatalog; path = Assets.xcassets; sourceTree = "<group>"; };
		E4E2B1DD22930929001E28C1 /* Base */ = {isa = PBXFileReference; lastKnownFileType = file.storyboard; name = Base; path = Base.lproj/LaunchScreen.storyboard; sourceTree = "<group>"; };
		E4E2B1DF22930929001E28C1 /* Info.plist */ = {isa = PBXFileReference; lastKnownFileType = text.plist.xml; path = Info.plist; sourceTree = "<group>"; };
		E4E2B1E022930929001E28C1 /* main.m */ = {isa = PBXFileReference; lastKnownFileType = sourcecode.c.objc; path = main.m; sourceTree = "<group>"; };
		E4E2B1E822930BCB001E28C1 /* WAMSong.h */ = {isa = PBXFileReference; lastKnownFileType = sourcecode.c.h; path = WAMSong.h; sourceTree = "<group>"; };
		E4E2B1E922930BCB001E28C1 /* WAMSong.m */ = {isa = PBXFileReference; lastKnownFileType = sourcecode.c.objc; path = WAMSong.m; sourceTree = "<group>"; };
		E4E2B1EC22930C49001E28C1 /* WAMPlaylist.h */ = {isa = PBXFileReference; lastKnownFileType = sourcecode.c.h; path = WAMPlaylist.h; sourceTree = "<group>"; };
		E4E2B1ED22930C49001E28C1 /* WAMPlaylist.m */ = {isa = PBXFileReference; lastKnownFileType = sourcecode.c.objc; path = WAMPlaylist.m; sourceTree = "<group>"; };
		E4E2B1EF229316C1001E28C1 /* WAMPlaylistController.h */ = {isa = PBXFileReference; lastKnownFileType = sourcecode.c.h; path = WAMPlaylistController.h; sourceTree = "<group>"; };
		E4E2B1F0229316C1001E28C1 /* WAMPlaylistController.m */ = {isa = PBXFileReference; lastKnownFileType = sourcecode.c.objc; path = WAMPlaylistController.m; sourceTree = "<group>"; };
		E4E2B1F522932276001E28C1 /* WAMPlaylistListTableViewController.h */ = {isa = PBXFileReference; lastKnownFileType = sourcecode.c.h; path = WAMPlaylistListTableViewController.h; sourceTree = "<group>"; };
		E4E2B1F622932276001E28C1 /* WAMPlaylistListTableViewController.m */ = {isa = PBXFileReference; lastKnownFileType = sourcecode.c.objc; path = WAMPlaylistListTableViewController.m; sourceTree = "<group>"; };
		E4E2B22022933AA1001E28C1 /* WAMDetailTableViewController.h */ = {isa = PBXFileReference; lastKnownFileType = sourcecode.c.h; path = WAMDetailTableViewController.h; sourceTree = "<group>"; };
		E4E2B22122933AA1001E28C1 /* WAMDetailTableViewController.m */ = {isa = PBXFileReference; lastKnownFileType = sourcecode.c.objc; path = WAMDetailTableViewController.m; sourceTree = "<group>"; };
/* End PBXFileReference section */

/* Begin PBXFrameworksBuildPhase section */
		E4E2B1CB22930926001E28C1 /* Frameworks */ = {
			isa = PBXFrameworksBuildPhase;
			buildActionMask = 2147483647;
			files = (
			);
			runOnlyForDeploymentPostprocessing = 0;
		};
/* End PBXFrameworksBuildPhase section */

/* Begin PBXGroup section */
		E4E2B1C522930926001E28C1 = {
			isa = PBXGroup;
			children = (
				E4E2B1D022930926001E28C1 /* PlaylistC */,
				E4E2B1CF22930926001E28C1 /* Products */,
			);
			sourceTree = "<group>";
		};
		E4E2B1CF22930926001E28C1 /* Products */ = {
			isa = PBXGroup;
			children = (
				E4E2B1CE22930926001E28C1 /* PlaylistC.app */,
			);
			name = Products;
			sourceTree = "<group>";
		};
		E4E2B1D022930926001E28C1 /* PlaylistC */ = {
			isa = PBXGroup;
			children = (
				E4E2B1D722930927001E28C1 /* Main.storyboard */,
				E4E2B1E722930AA5001E28C1 /* Resources */,
				E4E2B1EB22930BD4001E28C1 /* Models */,
				E4E2B1F2229316C6001E28C1 /* Controllers */,
			);
			path = PlaylistC;
			sourceTree = "<group>";
		};
		E4E2B1E722930AA5001E28C1 /* Resources */ = {
			isa = PBXGroup;
			children = (
				E4E2B1D122930926001E28C1 /* AppDelegate.h */,
				E4E2B1D222930926001E28C1 /* AppDelegate.m */,
				E4E2B1DA22930929001E28C1 /* Assets.xcassets */,
				E4E2B1DC22930929001E28C1 /* LaunchScreen.storyboard */,
				E4E2B1DF22930929001E28C1 /* Info.plist */,
				E4E2B1E022930929001E28C1 /* main.m */,
			);
			path = Resources;
			sourceTree = "<group>";
		};
		E4E2B1EB22930BD4001E28C1 /* Models */ = {
			isa = PBXGroup;
			children = (
				E4E2B1E822930BCB001E28C1 /* WAMSong.h */,
				E4E2B1E922930BCB001E28C1 /* WAMSong.m */,
				E4E2B1EC22930C49001E28C1 /* WAMPlaylist.h */,
				E4E2B1ED22930C49001E28C1 /* WAMPlaylist.m */,
			);
			path = Models;
			sourceTree = "<group>";
		};
		E4E2B1F2229316C6001E28C1 /* Controllers */ = {
			isa = PBXGroup;
			children = (
				E4E2B1F42293223D001E28C1 /* ViewControllers */,
				E4E2B1F322932234001E28C1 /* ModelControllers */,
			);
			path = Controllers;
			sourceTree = "<group>";
		};
		E4E2B1F322932234001E28C1 /* ModelControllers */ = {
			isa = PBXGroup;
			children = (
				E4E2B1EF229316C1001E28C1 /* WAMPlaylistController.h */,
				E4E2B1F0229316C1001E28C1 /* WAMPlaylistController.m */,
			);
			path = ModelControllers;
			sourceTree = "<group>";
		};
		E4E2B1F42293223D001E28C1 /* ViewControllers */ = {
			isa = PBXGroup;
			children = (
				E4E2B1F522932276001E28C1 /* WAMPlaylistListTableViewController.h */,
				E4E2B1F622932276001E28C1 /* WAMPlaylistListTableViewController.m */,
				E4E2B22022933AA1001E28C1 /* WAMDetailTableViewController.h */,
				E4E2B22122933AA1001E28C1 /* WAMDetailTableViewController.m */,
			);
			path = ViewControllers;
			sourceTree = "<group>";
		};
/* End PBXGroup section */

/* Begin PBXNativeTarget section */
		E4E2B1CD22930926001E28C1 /* PlaylistC */ = {
			isa = PBXNativeTarget;
			buildConfigurationList = E4E2B1E422930929001E28C1 /* Build configuration list for PBXNativeTarget "PlaylistC" */;
			buildPhases = (
				E4E2B1CA22930926001E28C1 /* Sources */,
				E4E2B1CB22930926001E28C1 /* Frameworks */,
				E4E2B1CC22930926001E28C1 /* Resources */,
			);
			buildRules = (
			);
			dependencies = (
			);
			name = PlaylistC;
			productName = PlaylistC;
			productReference = E4E2B1CE22930926001E28C1 /* PlaylistC.app */;
			productType = "com.apple.product-type.application";
		};
/* End PBXNativeTarget section */

/* Begin PBXProject section */
		E4E2B1C622930926001E28C1 /* Project object */ = {
			isa = PBXProject;
			attributes = {
				CLASSPREFIX = WAM;
				LastUpgradeCheck = 1020;
				ORGANIZATIONNAME = devmtn;
				TargetAttributes = {
					E4E2B1CD22930926001E28C1 = {
						CreatedOnToolsVersion = 10.2.1;
					};
				};
			};
			buildConfigurationList = E4E2B1C922930926001E28C1 /* Build configuration list for PBXProject "PlaylistC" */;
			compatibilityVersion = "Xcode 9.3";
			developmentRegion = en;
			hasScannedForEncodings = 0;
			knownRegions = (
				en,
				Base,
			);
			mainGroup = E4E2B1C522930926001E28C1;
			productRefGroup = E4E2B1CF22930926001E28C1 /* Products */;
			projectDirPath = "";
			projectRoot = "";
			targets = (
				E4E2B1CD22930926001E28C1 /* PlaylistC */,
			);
		};
/* End PBXProject section */

/* Begin PBXResourcesBuildPhase section */
		E4E2B1CC22930926001E28C1 /* Resources */ = {
			isa = PBXResourcesBuildPhase;
			buildActionMask = 2147483647;
			files = (
				E4E2B1DE22930929001E28C1 /* LaunchScreen.storyboard in Resources */,
				E4E2B1DB22930929001E28C1 /* Assets.xcassets in Resources */,
				E4E2B1D922930927001E28C1 /* Main.storyboard in Resources */,
			);
			runOnlyForDeploymentPostprocessing = 0;
		};
/* End PBXResourcesBuildPhase section */

/* Begin PBXSourcesBuildPhase section */
		E4E2B1CA22930926001E28C1 /* Sources */ = {
			isa = PBXSourcesBuildPhase;
			buildActionMask = 2147483647;
			files = (
				E4E2B1E122930929001E28C1 /* main.m in Sources */,
				E4E2B1EA22930BCB001E28C1 /* WAMSong.m in Sources */,
				E4E2B1D322930926001E28C1 /* AppDelegate.m in Sources */,
				E4E2B1F722932276001E28C1 /* WAMPlaylistListTableViewController.m in Sources */,
				E4E2B22222933AA1001E28C1 /* WAMDetailTableViewController.m in Sources */,
				E4E2B1F1229316C1001E28C1 /* WAMPlaylistController.m in Sources */,
				E4E2B1EE22930C49001E28C1 /* WAMPlaylist.m in Sources */,
			);
			runOnlyForDeploymentPostprocessing = 0;
		};
/* End PBXSourcesBuildPhase section */

/* Begin PBXVariantGroup section */
		E4E2B1D722930927001E28C1 /* Main.storyboard */ = {
			isa = PBXVariantGroup;
			children = (
				E4E2B1D822930927001E28C1 /* Base */,
			);
			name = Main.storyboard;
			sourceTree = "<group>";
		};
		E4E2B1DC22930929001E28C1 /* LaunchScreen.storyboard */ = {
			isa = PBXVariantGroup;
			children = (
				E4E2B1DD22930929001E28C1 /* Base */,
			);
			name = LaunchScreen.storyboard;
			sourceTree = "<group>";
		};
/* End PBXVariantGroup section */

/* Begin XCBuildConfiguration section */
		E4E2B1E222930929001E28C1 /* Debug */ = {
			isa = XCBuildConfiguration;
			buildSettings = {
				ALWAYS_SEARCH_USER_PATHS = NO;
				CLANG_ANALYZER_NONNULL = YES;
				CLANG_ANALYZER_NUMBER_OBJECT_CONVERSION = YES_AGGRESSIVE;
				CLANG_CXX_LANGUAGE_STANDARD = "gnu++14";
				CLANG_CXX_LIBRARY = "libc++";
				CLANG_ENABLE_MODULES = YES;
				CLANG_ENABLE_OBJC_ARC = YES;
				CLANG_ENABLE_OBJC_WEAK = YES;
				CLANG_WARN_BLOCK_CAPTURE_AUTORELEASING = YES;
				CLANG_WARN_BOOL_CONVERSION = YES;
				CLANG_WARN_COMMA = YES;
				CLANG_WARN_CONSTANT_CONVERSION = YES;
				CLANG_WARN_DEPRECATED_OBJC_IMPLEMENTATIONS = YES;
				CLANG_WARN_DIRECT_OBJC_ISA_USAGE = YES_ERROR;
				CLANG_WARN_DOCUMENTATION_COMMENTS = YES;
				CLANG_WARN_EMPTY_BODY = YES;
				CLANG_WARN_ENUM_CONVERSION = YES;
				CLANG_WARN_INFINITE_RECURSION = YES;
				CLANG_WARN_INT_CONVERSION = YES;
				CLANG_WARN_NON_LITERAL_NULL_CONVERSION = YES;
				CLANG_WARN_OBJC_IMPLICIT_RETAIN_SELF = YES;
				CLANG_WARN_OBJC_LITERAL_CONVERSION = YES;
				CLANG_WARN_OBJC_ROOT_CLASS = YES_ERROR;
				CLANG_WARN_RANGE_LOOP_ANALYSIS = YES;
				CLANG_WARN_STRICT_PROTOTYPES = YES;
				CLANG_WARN_SUSPICIOUS_MOVE = YES;
				CLANG_WARN_UNGUARDED_AVAILABILITY = YES_AGGRESSIVE;
				CLANG_WARN_UNREACHABLE_CODE = YES;
				CLANG_WARN__DUPLICATE_METHOD_MATCH = YES;
				CODE_SIGN_IDENTITY = "iPhone Developer";
				COPY_PHASE_STRIP = NO;
				DEBUG_INFORMATION_FORMAT = dwarf;
				ENABLE_STRICT_OBJC_MSGSEND = YES;
				ENABLE_TESTABILITY = YES;
				GCC_C_LANGUAGE_STANDARD = gnu11;
				GCC_DYNAMIC_NO_PIC = NO;
				GCC_NO_COMMON_BLOCKS = YES;
				GCC_OPTIMIZATION_LEVEL = 0;
				GCC_PREPROCESSOR_DEFINITIONS = (
					"DEBUG=1",
					"$(inherited)",
				);
				GCC_WARN_64_TO_32_BIT_CONVERSION = YES;
				GCC_WARN_ABOUT_RETURN_TYPE = YES_ERROR;
				GCC_WARN_UNDECLARED_SELECTOR = YES;
				GCC_WARN_UNINITIALIZED_AUTOS = YES_AGGRESSIVE;
				GCC_WARN_UNUSED_FUNCTION = YES;
				GCC_WARN_UNUSED_VARIABLE = YES;
				IPHONEOS_DEPLOYMENT_TARGET = 12.2;
				MTL_ENABLE_DEBUG_INFO = INCLUDE_SOURCE;
				MTL_FAST_MATH = YES;
				ONLY_ACTIVE_ARCH = YES;
				SDKROOT = iphoneos;
			};
			name = Debug;
		};
		E4E2B1E322930929001E28C1 /* Release */ = {
			isa = XCBuildConfiguration;
			buildSettings = {
				ALWAYS_SEARCH_USER_PATHS = NO;
				CLANG_ANALYZER_NONNULL = YES;
				CLANG_ANALYZER_NUMBER_OBJECT_CONVERSION = YES_AGGRESSIVE;
				CLANG_CXX_LANGUAGE_STANDARD = "gnu++14";
				CLANG_CXX_LIBRARY = "libc++";
				CLANG_ENABLE_MODULES = YES;
				CLANG_ENABLE_OBJC_ARC = YES;
				CLANG_ENABLE_OBJC_WEAK = YES;
				CLANG_WARN_BLOCK_CAPTURE_AUTORELEASING = YES;
				CLANG_WARN_BOOL_CONVERSION = YES;
				CLANG_WARN_COMMA = YES;
				CLANG_WARN_CONSTANT_CONVERSION = YES;
				CLANG_WARN_DEPRECATED_OBJC_IMPLEMENTATIONS = YES;
				CLANG_WARN_DIRECT_OBJC_ISA_USAGE = YES_ERROR;
				CLANG_WARN_DOCUMENTATION_COMMENTS = YES;
				CLANG_WARN_EMPTY_BODY = YES;
				CLANG_WARN_ENUM_CONVERSION = YES;
				CLANG_WARN_INFINITE_RECURSION = YES;
				CLANG_WARN_INT_CONVERSION = YES;
				CLANG_WARN_NON_LITERAL_NULL_CONVERSION = YES;
				CLANG_WARN_OBJC_IMPLICIT_RETAIN_SELF = YES;
				CLANG_WARN_OBJC_LITERAL_CONVERSION = YES;
				CLANG_WARN_OBJC_ROOT_CLASS = YES_ERROR;
				CLANG_WARN_RANGE_LOOP_ANALYSIS = YES;
				CLANG_WARN_STRICT_PROTOTYPES = YES;
				CLANG_WARN_SUSPICIOUS_MOVE = YES;
				CLANG_WARN_UNGUARDED_AVAILABILITY = YES_AGGRESSIVE;
				CLANG_WARN_UNREACHABLE_CODE = YES;
				CLANG_WARN__DUPLICATE_METHOD_MATCH = YES;
				CODE_SIGN_IDENTITY = "iPhone Developer";
				COPY_PHASE_STRIP = NO;
				DEBUG_INFORMATION_FORMAT = "dwarf-with-dsym";
				ENABLE_NS_ASSERTIONS = NO;
				ENABLE_STRICT_OBJC_MSGSEND = YES;
				GCC_C_LANGUAGE_STANDARD = gnu11;
				GCC_NO_COMMON_BLOCKS = YES;
				GCC_WARN_64_TO_32_BIT_CONVERSION = YES;
				GCC_WARN_ABOUT_RETURN_TYPE = YES_ERROR;
				GCC_WARN_UNDECLARED_SELECTOR = YES;
				GCC_WARN_UNINITIALIZED_AUTOS = YES_AGGRESSIVE;
				GCC_WARN_UNUSED_FUNCTION = YES;
				GCC_WARN_UNUSED_VARIABLE = YES;
				IPHONEOS_DEPLOYMENT_TARGET = 12.2;
				MTL_ENABLE_DEBUG_INFO = NO;
				MTL_FAST_MATH = YES;
				SDKROOT = iphoneos;
				VALIDATE_PRODUCT = YES;
			};
			name = Release;
		};
		E4E2B1E522930929001E28C1 /* Debug */ = {
			isa = XCBuildConfiguration;
			buildSettings = {
				ASSETCATALOG_COMPILER_APPICON_NAME = AppIcon;
				CODE_SIGN_STYLE = Automatic;
				INFOPLIST_FILE = "$(SRCROOT)/PlaylistC/Resources/Info.plist";
				LD_RUNPATH_SEARCH_PATHS = (
					"$(inherited)",
					"@executable_path/Frameworks",
				);
				PRODUCT_BUNDLE_IDENTIFIER = devmtn.PlaylistC;
				PRODUCT_NAME = "$(TARGET_NAME)";
				TARGETED_DEVICE_FAMILY = "1,2";
			};
			name = Debug;
		};
		E4E2B1E622930929001E28C1 /* Release */ = {
			isa = XCBuildConfiguration;
			buildSettings = {
				ASSETCATALOG_COMPILER_APPICON_NAME = AppIcon;
				CODE_SIGN_STYLE = Automatic;
				INFOPLIST_FILE = "$(SRCROOT)/PlaylistC/Resources/Info.plist";
				LD_RUNPATH_SEARCH_PATHS = (
					"$(inherited)",
					"@executable_path/Frameworks",
				);
				PRODUCT_BUNDLE_IDENTIFIER = devmtn.PlaylistC;
				PRODUCT_NAME = "$(TARGET_NAME)";
				TARGETED_DEVICE_FAMILY = "1,2";
			};
			name = Release;
		};
/* End XCBuildConfiguration section */

/* Begin XCConfigurationList section */
		E4E2B1C922930926001E28C1 /* Build configuration list for PBXProject "PlaylistC" */ = {
			isa = XCConfigurationList;
			buildConfigurations = (
				E4E2B1E222930929001E28C1 /* Debug */,
				E4E2B1E322930929001E28C1 /* Release */,
			);
			defaultConfigurationIsVisible = 0;
			defaultConfigurationName = Release;
		};
		E4E2B1E422930929001E28C1 /* Build configuration list for PBXNativeTarget "PlaylistC" */ = {
			isa = XCConfigurationList;
			buildConfigurations = (
				E4E2B1E522930929001E28C1 /* Debug */,
				E4E2B1E622930929001E28C1 /* Release */,
			);
			defaultConfigurationIsVisible = 0;
			defaultConfigurationName = Release;
		};
/* End XCConfigurationList section */
	};
	rootObject = E4E2B1C622930926001E28C1 /* Project object */;
}
